
Microsoft Visual Studio Solution File, Format Version 12.00
# Visual Studio Version 16
VisualStudioVersion = 16.0.29001.49
MinimumVisualStudioVersion = 10.0.40219.1
Project("{9A19103F-16F7-4668-BE54-9A1E7A4F7556}") = "StartmanSA", "StartmanSA\StartmanSA.csproj", "{A72B899C-80E5-40CC-919A-718DC3423E49}"
EndProject
Global
	GlobalSection(SolutionConfigurationPlatforms) = preSolution
		Debug|Any CPU = Debug|Any CPU
		Release|Any CPU = Release|Any CPU
	EndGlobalSection
	GlobalSection(ProjectConfigurationPlatforms) = postSolution
		{A72B899C-80E5-40CC-919A-718DC3423E49}.Debug|Any CPU.ActiveCfg = Debug|Any CPU
		{A72B899C-80E5-40CC-919A-718DC3423E49}.Debug|Any CPU.Build.0 = Debug|Any CPU
		{A72B899C-80E5-40CC-919A-718DC3423E49}.Release|Any CPU.ActiveCfg = Release|Any CPU
		{A72B899C-80E5-40CC-919A-718DC3423E49}.Release|Any CPU.Build.0 = Release|Any CPU
	EndGlobalSection
	GlobalSection(SolutionProperties) = preSolution
		HideSolutionNode = FALSE
	EndGlobalSection
	GlobalSection(ExtensibilityGlobals) = postSolution
		SolutionGuid = {1557BABD-A039-4045-8721-819B1171F831}
	EndGlobalSection
EndGlobal
